// !$*UTF8*$!
{
	archiveVersion = 1;
	classes = {
	};
	objectVersion = 77;
	objects = {

/* Begin PBXBuildFile section */
		3AB54C348C7E5B8D9C40057A /* ReservationDetailScreen.swift in Sources */ = {isa = PBXBuildFile; fileRef = A2AF4B9F9C4217E6FA6979D9 /* ReservationDetailScreen.swift */; };
		3C98F1880062C41036DD4880 /* ReservationModel.swift in Sources */ = {isa = PBXBuildFile; fileRef = 10E90A4299566618590DCE79 /* ReservationModel.swift */; };
		5B39B7383AAAFF0F24595942 /* HomeScreen.swift in Sources */ = {isa = PBXBuildFile; fileRef = 1EB81CB5778DBE191AC9D565 /* HomeScreen.swift */; };
		703EFEEF46917E67E33F5229 /* CompleteScreen.swift in Sources */ = {isa = PBXBuildFile; fileRef = 3030237ECBEC7C7C26B1DCC0 /* CompleteScreen.swift */; };
		8101BA74771531E68B40E894 /* DateTimeSelectionScreen.swift in Sources */ = {isa = PBXBuildFile; fileRef = 0FFF5864EB50560FE11E8B7C /* DateTimeSelectionScreen.swift */; };
		C2B2D6E08F89152E97F60704 /* ConfirmationScreen.swift in Sources */ = {isa = PBXBuildFile; fileRef = E647FDA6C2EB99FC3EDA2E40 /* ConfirmationScreen.swift */; };
		D2EB239D3D0B9724C6B639EE /* LoginScreen.swift in Sources */ = {isa = PBXBuildFile; fileRef = C2631F7DA2C0F971938D0AEC /* LoginScreen.swift */; };
		ECA15E25DABD4A55E477A040 /* ReservationApp.swift in Sources */ = {isa = PBXBuildFile; fileRef = CD6049CA0484A8A0634AB0C7 /* ReservationApp.swift */; };
		FA9C0BFB33D97CAE818F3FDB /* ServiceSelectionScreen.swift in Sources */ = {isa = PBXBuildFile; fileRef = 5A5B9846D5F458B957E8C4FC /* ServiceSelectionScreen.swift */; };
/* End PBXBuildFile section */

/* Begin PBXFileReference section */
		0FFF5864EB50560FE11E8B7C /* DateTimeSelectionScreen.swift */ = {isa = PBXFileReference; lastKnownFileType = sourcecode.swift; path = DateTimeSelectionScreen.swift; sourceTree = "<group>"; };
		10E90A4299566618590DCE79 /* ReservationModel.swift */ = {isa = PBXFileReference; lastKnownFileType = sourcecode.swift; path = ReservationModel.swift; sourceTree = "<group>"; };
		1EB81CB5778DBE191AC9D565 /* HomeScreen.swift */ = {isa = PBXFileReference; lastKnownFileType = sourcecode.swift; path = HomeScreen.swift; sourceTree = "<group>"; };
		3030237ECBEC7C7C26B1DCC0 /* CompleteScreen.swift */ = {isa = PBXFileReference; lastKnownFileType = sourcecode.swift; path = CompleteScreen.swift; sourceTree = "<group>"; };
		3D2E8457F39DB0925861DC8C /* ReservationApp.app */ = {isa = PBXFileReference; includeInIndex = 0; lastKnownFileType = wrapper.application; path = ReservationApp.app; sourceTree = BUILT_PRODUCTS_DIR; };
		4D30DAE8EBC9193FBAF86F07 /* Info.plist */ = {isa = PBXFileReference; lastKnownFileType = text.plist; path = Info.plist; sourceTree = "<group>"; };
		5A5B9846D5F458B957E8C4FC /* ServiceSelectionScreen.swift */ = {isa = PBXFileReference; lastKnownFileType = sourcecode.swift; path = ServiceSelectionScreen.swift; sourceTree = "<group>"; };
		A2AF4B9F9C4217E6FA6979D9 /* ReservationDetailScreen.swift */ = {isa = PBXFileReference; lastKnownFileType = sourcecode.swift; path = ReservationDetailScreen.swift; sourceTree = "<group>"; };
		C2631F7DA2C0F971938D0AEC /* LoginScreen.swift */ = {isa = PBXFileReference; lastKnownFileType = sourcecode.swift; path = LoginScreen.swift; sourceTree = "<group>"; };
		CD6049CA0484A8A0634AB0C7 /* ReservationApp.swift */ = {isa = PBXFileReference; lastKnownFileType = sourcecode.swift; path = ReservationApp.swift; sourceTree = "<group>"; };
		E647FDA6C2EB99FC3EDA2E40 /* ConfirmationScreen.swift */ = {isa = PBXFileReference; lastKnownFileType = sourcecode.swift; path = ConfirmationScreen.swift; sourceTree = "<group>"; };
/* End PBXFileReference section */

/* Begin PBXGroup section */
		0C895F6CED90B9EB0261D123 /* Models */ = {
			isa = PBXGroup;
			children = (
				10E90A4299566618590DCE79 /* ReservationModel.swift */,
			);
			path = Models;
			sourceTree = "<group>";
		};
		217A9DEECF564E531D26EA1B = {
			isa = PBXGroup;
			children = (
				C8D5EA276CA3211962A03E59 /* ReservationApp */,
				C241752218E9BE290A69DA30 /* Products */,
			);
			sourceTree = "<group>";
		};
		9F42CD69FECCAE1F79326DA6 /* Screens */ = {
			isa = PBXGroup;
			children = (
				3030237ECBEC7C7C26B1DCC0 /* CompleteScreen.swift */,
				E647FDA6C2EB99FC3EDA2E40 /* ConfirmationScreen.swift */,
				0FFF5864EB50560FE11E8B7C /* DateTimeSelectionScreen.swift */,
				1EB81CB5778DBE191AC9D565 /* HomeScreen.swift */,
				C2631F7DA2C0F971938D0AEC /* LoginScreen.swift */,
				A2AF4B9F9C4217E6FA6979D9 /* ReservationDetailScreen.swift */,
				5A5B9846D5F458B957E8C4FC /* ServiceSelectionScreen.swift */,
			);
			path = Screens;
			sourceTree = "<group>";
		};
		C241752218E9BE290A69DA30 /* Products */ = {
			isa = PBXGroup;
			children = (
				3D2E8457F39DB0925861DC8C /* ReservationApp.app */,
			);
			name = Products;
			sourceTree = "<group>";
		};
		C8D5EA276CA3211962A03E59 /* ReservationApp */ = {
			isa = PBXGroup;
			children = (
				4D30DAE8EBC9193FBAF86F07 /* Info.plist */,
				CD6049CA0484A8A0634AB0C7 /* ReservationApp.swift */,
				0C895F6CED90B9EB0261D123 /* Models */,
				9F42CD69FECCAE1F79326DA6 /* Screens */,
			);
			name = ReservationApp;
			path = Sources/ReservationApp;
			sourceTree = "<group>";
		};
/* End PBXGroup section */

/* Begin PBXNativeTarget section */
		0EA1DEC7A357B1EEBD7A36E0 /* ReservationApp */ = {
			isa = PBXNativeTarget;
			buildConfigurationList = 5B0521F422270B5F0AE19B64 /* Build configuration list for PBXNativeTarget "ReservationApp" */;
			buildPhases = (
				5DC5411585096961F6BEF2CA /* Sources */,
			);
			buildRules = (
			);
			dependencies = (
			);
			name = ReservationApp;
			packageProductDependencies = (
			);
			productName = ReservationApp;
			productReference = 3D2E8457F39DB0925861DC8C /* ReservationApp.app */;
			productType = "com.apple.product-type.application";
		};
/* End PBXNativeTarget section */

/* Begin PBXProject section */
		1527FAED27F35C3D4EC42A89 /* Project object */ = {
			isa = PBXProject;
			attributes = {
				BuildIndependentTargetsInParallel = YES;
				LastUpgradeCheck = 1430;
				TargetAttributes = {
					0EA1DEC7A357B1EEBD7A36E0 = {
						DevelopmentTeam = "";
					};
				};
			};
			buildConfigurationList = 7149F671368C22528E5C2891 /* Build configuration list for PBXProject "ReservationApp" */;
			developmentRegion = en;
			hasScannedForEncodings = 0;
			knownRegions = (
				Base,
				en,
			);
			mainGroup = 217A9DEECF564E531D26EA1B;
			minimizedProjectReferenceProxies = 1;
			preferredProjectObjectVersion = 77;
			productRefGroup = C241752218E9BE290A69DA30 /* Products */;
			projectDirPath = "";
			projectRoot = "";
			targets = (
				0EA1DEC7A357B1EEBD7A36E0 /* ReservationApp */,
			);
		};
/* End PBXProject section */

/* Begin PBXSourcesBuildPhase section */
		5DC5411585096961F6BEF2CA /* Sources */ = {
			isa = PBXSourcesBuildPhase;
			buildActionMask = 2147483647;
			files = (
				703EFEEF46917E67E33F5229 /* CompleteScreen.swift in Sources */,
				C2B2D6E08F89152E97F60704 /* ConfirmationScreen.swift in Sources */,
				8101BA74771531E68B40E894 /* DateTimeSelectionScreen.swift in Sources */,
				5B39B7383AAAFF0F24595942 /* HomeScreen.swift in Sources */,
				D2EB239D3D0B9724C6B639EE /* LoginScreen.swift in Sources */,
				ECA15E25DABD4A55E477A040 /* ReservationApp.swift in Sources */,
				3AB54C348C7E5B8D9C40057A /* ReservationDetailScreen.swift in Sources */,
				3C98F1880062C41036DD4880 /* ReservationModel.swift in Sources */,
				FA9C0BFB33D97CAE818F3FDB /* ServiceSelectionScreen.swift in Sources */,
			);
			runOnlyForDeploymentPostprocessing = 0;
		};
/* End PBXSourcesBuildPhase section */

/* Begin XCBuildConfiguration section */
		20D9D7139E344EDC74F6A382 /* Debug */ = {
			isa = XCBuildConfiguration;
			buildSettings = {
				ALWAYS_SEARCH_USER_PATHS = NO;
				CLANG_ANALYZER_NONNULL = YES;
				CLANG_ANALYZER_NUMBER_OBJECT_CONVERSION = YES_AGGRESSIVE;
				CLANG_CXX_LANGUAGE_STANDARD = "gnu++14";
				CLANG_CXX_LIBRARY = "libc++";
				CLANG_ENABLE_MODULES = YES;
				CLANG_ENABLE_OBJC_ARC = YES;
				CLANG_ENABLE_OBJC_WEAK = YES;
				CLANG_WARN_BLOCK_CAPTURE_AUTORELEASING = YES;
				CLANG_WARN_BOOL_CONVERSION = YES;
				CLANG_WARN_COMMA = YES;
				CLANG_WARN_CONSTANT_CONVERSION = YES;
				CLANG_WARN_DEPRECATED_OBJC_IMPLEMENTATIONS = YES;
				CLANG_WARN_DIRECT_OBJC_ISA_USAGE = YES_ERROR;
				CLANG_WARN_DOCUMENTATION_COMMENTS = YES;
				CLANG_WARN_EMPTY_BODY = YES;
				CLANG_WARN_ENUM_CONVERSION = YES;
				CLANG_WARN_INFINITE_RECURSION = YES;
				CLANG_WARN_INT_CONVERSION = YES;
				CLANG_WARN_NON_LITERAL_NULL_CONVERSION = YES;
				CLANG_WARN_OBJC_IMPLICIT_RETAIN_SELF = YES;
				CLANG_WARN_OBJC_LITERAL_CONVERSION = YES;
				CLANG_WARN_OBJC_ROOT_CLASS = YES_ERROR;
				CLANG_WARN_QUOTED_INCLUDE_IN_FRAMEWORK_HEADER = YES;
				CLANG_WARN_RANGE_LOOP_ANALYSIS = YES;
				CLANG_WARN_STRICT_PROTOTYPES = YES;
				CLANG_WARN_SUSPICIOUS_MOVE = YES;
				CLANG_WARN_UNGUARDED_AVAILABILITY = YES_AGGRESSIVE;
				CLANG_WARN_UNREACHABLE_CODE = YES;
				CLANG_WARN__DUPLICATE_METHOD_MATCH = YES;
				COPY_PHASE_STRIP = NO;
				DEBUG_INFORMATION_FORMAT = dwarf;
				ENABLE_STRICT_OBJC_MSGSEND = YES;
				ENABLE_TESTABILITY = YES;
				GCC_C_LANGUAGE_STANDARD = gnu11;
				GCC_DYNAMIC_NO_PIC = NO;
				GCC_NO_COMMON_BLOCKS = YES;
				GCC_OPTIMIZATION_LEVEL = 0;
				GCC_PREPROCESSOR_DEFINITIONS = (
					"$(inherited)",
					"DEBUG=1",
				);
				GCC_WARN_64_TO_32_BIT_CONVERSION = YES;
				GCC_WARN_ABOUT_RETURN_TYPE = YES_ERROR;
				GCC_WARN_UNDECLARED_SELECTOR = YES;
				GCC_WARN_UNINITIALIZED_AUTOS = YES_AGGRESSIVE;
				GCC_WARN_UNUSED_FUNCTION = YES;
				GCC_WARN_UNUSED_VARIABLE = YES;
				IPHONEOS_DEPLOYMENT_TARGET = 18.0;
				MTL_ENABLE_DEBUG_INFO = INCLUDE_SOURCE;
				MTL_FAST_MATH = YES;
				ONLY_ACTIVE_ARCH = YES;
				PRODUCT_NAME = "$(TARGET_NAME)";
				SDKROOT = iphoneos;
				SWIFT_ACTIVE_COMPILATION_CONDITIONS = DEBUG;
				SWIFT_OPTIMIZATION_LEVEL = "-Onone";
				SWIFT_VERSION = 6.0;
			};
			name = Debug;
		};
		32AFE0948A1E209588B8258B /* Release */ = {
			isa = XCBuildConfiguration;
			buildSettings = {
				ASSETCATALOG_COMPILER_APPICON_NAME = AppIcon;
				CODE_SIGN_IDENTITY = "iPhone Developer";
				DEVELOPMENT_TEAM = "";
				INFOPLIST_FILE = Sources/ReservationApp/Info.plist;
				LD_RUNPATH_SEARCH_PATHS = (
					"$(inherited)",
					"@executable_path/Frameworks",
				);
				PRODUCT_BUNDLE_IDENTIFIER = com.portfolio.ReservationApp;
				SDKROOT = iphoneos;
				TARGETED_DEVICE_FAMILY = "1,2";
			};
			name = Release;
		};
		6B6C8EA0D5179E456DD78134 /* Release */ = {
			isa = XCBuildConfiguration;
			buildSettings = {
				ALWAYS_SEARCH_USER_PATHS = NO;
				CLANG_ANALYZER_NONNULL = YES;
				CLANG_ANALYZER_NUMBER_OBJECT_CONVERSION = YES_AGGRESSIVE;
				CLANG_CXX_LANGUAGE_STANDARD = "gnu++14";
				CLANG_CXX_LIBRARY = "libc++";
				CLANG_ENABLE_MODULES = YES;
				CLANG_ENABLE_OBJC_ARC = YES;
				CLANG_ENABLE_OBJC_WEAK = YES;
				CLANG_WARN_BLOCK_CAPTURE_AUTORELEASING = YES;
				CLANG_WARN_BOOL_CONVERSION = YES;
				CLANG_WARN_COMMA = YES;
				CLANG_WARN_CONSTANT_CONVERSION = YES;
				CLANG_WARN_DEPRECATED_OBJC_IMPLEMENTATIONS = YES;
				CLANG_WARN_DIRECT_OBJC_ISA_USAGE = YES_ERROR;
				CLANG_WARN_DOCUMENTATION_COMMENTS = YES;
				CLANG_WARN_EMPTY_BODY = YES;
				CLANG_WARN_ENUM_CONVERSION = YES;
				CLANG_WARN_INFINITE_RECURSION = YES;
				CLANG_WARN_INT_CONVERSION = YES;
				CLANG_WARN_NON_LITERAL_NULL_CONVERSION = YES;
				CLANG_WARN_OBJC_IMPLICIT_RETAIN_SELF = YES;
				CLANG_WARN_OBJC_LITERAL_CONVERSION = YES;
				CLANG_WARN_OBJC_ROOT_CLASS = YES_ERROR;
				CLANG_WARN_QUOTED_INCLUDE_IN_FRAMEWORK_HEADER = YES;
				CLANG_WARN_RANGE_LOOP_ANALYSIS = YES;
				CLANG_WARN_STRICT_PROTOTYPES = YES;
				CLANG_WARN_SUSPICIOUS_MOVE = YES;
				CLANG_WARN_UNGUARDED_AVAILABILITY = YES_AGGRESSIVE;
				CLANG_WARN_UNREACHABLE_CODE = YES;
				CLANG_WARN__DUPLICATE_METHOD_MATCH = YES;
				COPY_PHASE_STRIP = NO;
				DEBUG_INFORMATION_FORMAT = "dwarf-with-dsym";
				ENABLE_NS_ASSERTIONS = NO;
				ENABLE_STRICT_OBJC_MSGSEND = YES;
				GCC_C_LANGUAGE_STANDARD = gnu11;
				GCC_NO_COMMON_BLOCKS = YES;
				GCC_WARN_64_TO_32_BIT_CONVERSION = YES;
				GCC_WARN_ABOUT_RETURN_TYPE = YES_ERROR;
				GCC_WARN_UNDECLARED_SELECTOR = YES;
				GCC_WARN_UNINITIALIZED_AUTOS = YES_AGGRESSIVE;
				GCC_WARN_UNUSED_FUNCTION = YES;
				GCC_WARN_UNUSED_VARIABLE = YES;
				IPHONEOS_DEPLOYMENT_TARGET = 18.0;
				MTL_ENABLE_DEBUG_INFO = NO;
				MTL_FAST_MATH = YES;
				PRODUCT_NAME = "$(TARGET_NAME)";
				SDKROOT = iphoneos;
				SWIFT_COMPILATION_MODE = wholemodule;
				SWIFT_OPTIMIZATION_LEVEL = "-O";
				SWIFT_VERSION = 6.0;
			};
			name = Release;
		};
		DB98F5D7C0088CC5BB67F2DE /* Debug */ = {
			isa = XCBuildConfiguration;
			buildSettings = {
				ASSETCATALOG_COMPILER_APPICON_NAME = AppIcon;
				CODE_SIGN_IDENTITY = "iPhone Developer";
				DEVELOPMENT_TEAM = "";
				INFOPLIST_FILE = Sources/ReservationApp/Info.plist;
				LD_RUNPATH_SEARCH_PATHS = (
					"$(inherited)",
					"@executable_path/Frameworks",
				);
				PRODUCT_BUNDLE_IDENTIFIER = com.portfolio.ReservationApp;
				SDKROOT = iphoneos;
				TARGETED_DEVICE_FAMILY = "1,2";
			};
			name = Debug;
		};
/* End XCBuildConfiguration section */

/* Begin XCConfigurationList section */
		5B0521F422270B5F0AE19B64 /* Build configuration list for PBXNativeTarget "ReservationApp" */ = {
			isa = XCConfigurationList;
			buildConfigurations = (
				DB98F5D7C0088CC5BB67F2DE /* Debug */,
				32AFE0948A1E209588B8258B /* Release */,
			);
			defaultConfigurationIsVisible = 0;
			defaultConfigurationName = Debug;
		};
		7149F671368C22528E5C2891 /* Build configuration list for PBXProject "ReservationApp" */ = {
			isa = XCConfigurationList;
			buildConfigurations = (
				20D9D7139E344EDC74F6A382 /* Debug */,
				6B6C8EA0D5179E456DD78134 /* Release */,
			);
			defaultConfigurationIsVisible = 0;
			defaultConfigurationName = Debug;
		};
/* End XCConfigurationList section */
	};
	rootObject = 1527FAED27F35C3D4EC42A89 /* Project object */;
}
